
Microsoft Visual Studio Solution File, Format Version 12.00
# Visual Studio Version 17
VisualStudioVersion = 17.4.33403.182
MinimumVisualStudioVersion = 10.0.40219.1
Project("{9A19103F-16F7-4668-BE54-9A1E7A4F7556}") = "FirstWPFApp", "FirstWPFApp\FirstWPFApp.csproj", "{3AAD8DD8-9301-426F-9FD7-24384B952775}"
EndProject
Global
	GlobalSection(SolutionConfigurationPlatforms) = preSolution
		Debug|Any CPU = Debug|Any CPU
		Release|Any CPU = Release|Any CPU
	EndGlobalSection
	GlobalSection(ProjectConfigurationPlatforms) = postSolution
		{3AAD8DD8-9301-426F-9FD7-24384B952775}.Debug|Any CPU.ActiveCfg = Debug|Any CPU
		{3AAD8DD8-9301-426F-9FD7-24384B952775}.Debug|Any CPU.Build.0 = Debug|Any CPU
		{3AAD8DD8-9301-426F-9FD7-24384B952775}.Release|Any CPU.ActiveCfg = Release|Any CPU
		{3AAD8DD8-9301-426F-9FD7-24384B952775}.Release|Any CPU.Build.0 = Release|Any CPU
	EndGlobalSection
	GlobalSection(SolutionProperties) = preSolution
		HideSolutionNode = FALSE
	EndGlobalSection
	GlobalSection(ExtensibilityGlobals) = postSolution
		SolutionGuid = {1949096A-DB83-4EE8-9A32-9DB1E5C990AE}
	EndGlobalSection
EndGlobal
